// !$*UTF8*$!
{
	archiveVersion = 1;
	classes = {
	};
	objectVersion = 56;
	objects = {

/* Begin PBXBuildFile section */
		5236AABA2BE3719600A369F8 /* EduAnimalSwiftDevApp.swift in Sources */ = {isa = PBXBuildFile; fileRef = 5236AAB92BE3719600A369F8 /* EduAnimalSwiftDevApp.swift */; };
		5236AABC2BE3719600A369F8 /* ContentView.swift in Sources */ = {isa = PBXBuildFile; fileRef = 5236AABB2BE3719600A369F8 /* ContentView.swift */; };
		5236AABE2BE3719700A369F8 /* Assets.xcassets in Resources */ = {isa = PBXBuildFile; fileRef = 5236AABD2BE3719700A369F8 /* Assets.xcassets */; };
		5236AAC12BE3719700A369F8 /* Preview Assets.xcassets in Resources */ = {isa = PBXBuildFile; fileRef = 5236AAC02BE3719700A369F8 /* Preview Assets.xcassets */; };
		5236AACA2BE3720000A369F8 /* animals.json in Resources */ = {isa = PBXBuildFile; fileRef = 5236AAC92BE3720000A369F8 /* animals.json */; };
		5236AACF2BE3729200A369F8 /* Bundle+Ext.swift in Sources */ = {isa = PBXBuildFile; fileRef = 5236AACE2BE3729200A369F8 /* Bundle+Ext.swift */; };
		5236AAD12BE372D600A369F8 /* Animals.swift in Sources */ = {isa = PBXBuildFile; fileRef = 5236AAD02BE372D600A369F8 /* Animals.swift */; };
		5236AAD42BE372FE00A369F8 /* MotionAnimationView.swift in Sources */ = {isa = PBXBuildFile; fileRef = 5236AAD32BE372FE00A369F8 /* MotionAnimationView.swift */; };
		5236AAD72BE3732600A369F8 /* HomeView.swift in Sources */ = {isa = PBXBuildFile; fileRef = 5236AAD62BE3732600A369F8 /* HomeView.swift */; };
		5236AAE52BE3735100A369F8 /* cat.mp3 in Resources */ = {isa = PBXBuildFile; fileRef = 5236AAD82BE3735100A369F8 /* cat.mp3 */; };
		5236AAE62BE3735100A369F8 /* chicken.mp3 in Resources */ = {isa = PBXBuildFile; fileRef = 5236AAD92BE3735100A369F8 /* chicken.mp3 */; };
		5236AAE72BE3735100A369F8 /* cow.mp3 in Resources */ = {isa = PBXBuildFile; fileRef = 5236AADA2BE3735100A369F8 /* cow.mp3 */; };
		5236AAE82BE3735100A369F8 /* dog.mp3 in Resources */ = {isa = PBXBuildFile; fileRef = 5236AADB2BE3735100A369F8 /* dog.mp3 */; };
		5236AAE92BE3735100A369F8 /* duck.mp3 in Resources */ = {isa = PBXBuildFile; fileRef = 5236AADC2BE3735100A369F8 /* duck.mp3 */; };
		5236AAEA2BE3735100A369F8 /* eagle.mp3 in Resources */ = {isa = PBXBuildFile; fileRef = 5236AADD2BE3735100A369F8 /* eagle.mp3 */; };
		5236AAEB2BE3735100A369F8 /* elephant.mp3 in Resources */ = {isa = PBXBuildFile; fileRef = 5236AADE2BE3735100A369F8 /* elephant.mp3 */; };
		5236AAEC2BE3735100A369F8 /* goat.mp3 in Resources */ = {isa = PBXBuildFile; fileRef = 5236AADF2BE3735100A369F8 /* goat.mp3 */; };
		5236AAED2BE3735100A369F8 /* horse.mp3 in Resources */ = {isa = PBXBuildFile; fileRef = 5236AAE02BE3735100A369F8 /* horse.mp3 */; };
		5236AAEE2BE3735100A369F8 /* lion.mp3 in Resources */ = {isa = PBXBuildFile; fileRef = 5236AAE12BE3735100A369F8 /* lion.mp3 */; };
		5236AAEF2BE3735100A369F8 /* monkey.mp3 in Resources */ = {isa = PBXBuildFile; fileRef = 5236AAE22BE3735100A369F8 /* monkey.mp3 */; };
		5236AAF02BE3735100A369F8 /* wolf.mp3 in Resources */ = {isa = PBXBuildFile; fileRef = 5236AAE32BE3735100A369F8 /* wolf.mp3 */; };
		5236AB0D2BE379A500A369F8 /* DetailView.swift in Sources */ = {isa = PBXBuildFile; fileRef = 5236AB0C2BE379A500A369F8 /* DetailView.swift */; };
		5236AB102BE3826600A369F8 /* AnimalDescVM.swift in Sources */ = {isa = PBXBuildFile; fileRef = 5236AB0F2BE3826600A369F8 /* AnimalDescVM.swift */; };
		5236AB132BE3828000A369F8 /* GoogleGenerativeAI in Frameworks */ = {isa = PBXBuildFile; productRef = 5236AB122BE3828000A369F8 /* GoogleGenerativeAI */; };
		5236AB152BE3A24C00A369F8 /* AudioVM.swift in Sources */ = {isa = PBXBuildFile; fileRef = 5236AB142BE3A24B00A369F8 /* AudioVM.swift */; };
/* End PBXBuildFile section */

/* Begin PBXFileReference section */
		5236AAB62BE3719600A369F8 /* EduAnimalSwiftDev.app */ = {isa = PBXFileReference; explicitFileType = wrapper.application; includeInIndex = 0; path = EduAnimalSwiftDev.app; sourceTree = BUILT_PRODUCTS_DIR; };
		5236AAB92BE3719600A369F8 /* EduAnimalSwiftDevApp.swift */ = {isa = PBXFileReference; lastKnownFileType = sourcecode.swift; path = EduAnimalSwiftDevApp.swift; sourceTree = "<group>"; };
		5236AABB2BE3719600A369F8 /* ContentView.swift */ = {isa = PBXFileReference; lastKnownFileType = sourcecode.swift; path = ContentView.swift; sourceTree = "<group>"; };
		5236AABD2BE3719700A369F8 /* Assets.xcassets */ = {isa = PBXFileReference; lastKnownFileType = folder.assetcatalog; path = Assets.xcassets; sourceTree = "<group>"; };
		5236AAC02BE3719700A369F8 /* Preview Assets.xcassets */ = {isa = PBXFileReference; lastKnownFileType = folder.assetcatalog; path = "Preview Assets.xcassets"; sourceTree = "<group>"; };
		5236AAC92BE3720000A369F8 /* animals.json */ = {isa = PBXFileReference; fileEncoding = 4; lastKnownFileType = text.json; path = animals.json; sourceTree = "<group>"; };
		5236AACE2BE3729200A369F8 /* Bundle+Ext.swift */ = {isa = PBXFileReference; lastKnownFileType = sourcecode.swift; path = "Bundle+Ext.swift"; sourceTree = "<group>"; };
		5236AAD02BE372D600A369F8 /* Animals.swift */ = {isa = PBXFileReference; lastKnownFileType = sourcecode.swift; path = Animals.swift; sourceTree = "<group>"; };
		5236AAD32BE372FE00A369F8 /* MotionAnimationView.swift */ = {isa = PBXFileReference; lastKnownFileType = sourcecode.swift; path = MotionAnimationView.swift; sourceTree = "<group>"; };
		5236AAD62BE3732600A369F8 /* HomeView.swift */ = {isa = PBXFileReference; lastKnownFileType = sourcecode.swift; path = HomeView.swift; sourceTree = "<group>"; };
		5236AAD82BE3735100A369F8 /* cat.mp3 */ = {isa = PBXFileReference; lastKnownFileType = audio.mp3; path = cat.mp3; sourceTree = "<group>"; };
		5236AAD92BE3735100A369F8 /* chicken.mp3 */ = {isa = PBXFileReference; lastKnownFileType = audio.mp3; path = chicken.mp3; sourceTree = "<group>"; };
		5236AADA2BE3735100A369F8 /* cow.mp3 */ = {isa = PBXFileReference; lastKnownFileType = audio.mp3; path = cow.mp3; sourceTree = "<group>"; };
		5236AADB2BE3735100A369F8 /* dog.mp3 */ = {isa = PBXFileReference; lastKnownFileType = audio.mp3; path = dog.mp3; sourceTree = "<group>"; };
		5236AADC2BE3735100A369F8 /* duck.mp3 */ = {isa = PBXFileReference; lastKnownFileType = audio.mp3; path = duck.mp3; sourceTree = "<group>"; };
		5236AADD2BE3735100A369F8 /* eagle.mp3 */ = {isa = PBXFileReference; lastKnownFileType = audio.mp3; path = eagle.mp3; sourceTree = "<group>"; };
		5236AADE2BE3735100A369F8 /* elephant.mp3 */ = {isa = PBXFileReference; lastKnownFileType = audio.mp3; path = elephant.mp3; sourceTree = "<group>"; };
		5236AADF2BE3735100A369F8 /* goat.mp3 */ = {isa = PBXFileReference; lastKnownFileType = audio.mp3; path = goat.mp3; sourceTree = "<group>"; };
		5236AAE02BE3735100A369F8 /* horse.mp3 */ = {isa = PBXFileReference; lastKnownFileType = audio.mp3; path = horse.mp3; sourceTree = "<group>"; };
		5236AAE12BE3735100A369F8 /* lion.mp3 */ = {isa = PBXFileReference; lastKnownFileType = audio.mp3; path = lion.mp3; sourceTree = "<group>"; };
		5236AAE22BE3735100A369F8 /* monkey.mp3 */ = {isa = PBXFileReference; lastKnownFileType = audio.mp3; path = monkey.mp3; sourceTree = "<group>"; };
		5236AAE32BE3735100A369F8 /* wolf.mp3 */ = {isa = PBXFileReference; lastKnownFileType = audio.mp3; path = wolf.mp3; sourceTree = "<group>"; };
		5236AB0C2BE379A500A369F8 /* DetailView.swift */ = {isa = PBXFileReference; lastKnownFileType = sourcecode.swift; path = DetailView.swift; sourceTree = "<group>"; };
		5236AB0F2BE3826600A369F8 /* AnimalDescVM.swift */ = {isa = PBXFileReference; lastKnownFileType = sourcecode.swift; path = AnimalDescVM.swift; sourceTree = "<group>"; };
		5236AB142BE3A24B00A369F8 /* AudioVM.swift */ = {isa = PBXFileReference; lastKnownFileType = sourcecode.swift; path = AudioVM.swift; sourceTree = "<group>"; };
/* End PBXFileReference section */

/* Begin PBXFrameworksBuildPhase section */
		5236AAB32BE3719600A369F8 /* Frameworks */ = {
			isa = PBXFrameworksBuildPhase;
			buildActionMask = 2147483647;
			files = (
				5236AB132BE3828000A369F8 /* GoogleGenerativeAI in Frameworks */,
			);
			runOnlyForDeploymentPostprocessing = 0;
		};
/* End PBXFrameworksBuildPhase section */

/* Begin PBXGroup section */
		5236AAAD2BE3719600A369F8 = {
			isa = PBXGroup;
			children = (
				5236AAB82BE3719600A369F8 /* EduAnimalSwiftDev */,
				5236AAB72BE3719600A369F8 /* Products */,
			);
			sourceTree = "<group>";
		};
		5236AAB72BE3719600A369F8 /* Products */ = {
			isa = PBXGroup;
			children = (
				5236AAB62BE3719600A369F8 /* EduAnimalSwiftDev.app */,
			);
			name = Products;
			sourceTree = "<group>";
		};
		5236AAB82BE3719600A369F8 /* EduAnimalSwiftDev */ = {
			isa = PBXGroup;
			children = (
				5236AB0E2BE3825300A369F8 /* ViewModel */,
				5236AACC2BE3724100A369F8 /* App */,
				5236AACD2BE3727A00A369F8 /* Extensions */,
				5236AAD22BE372E200A369F8 /* Models */,
				5236AABF2BE3719700A369F8 /* Preview Content */,
				5236AAC72BE371C900A369F8 /* Resources */,
				5236AACB2BE3723A00A369F8 /* View */,
			);
			path = EduAnimalSwiftDev;
			sourceTree = "<group>";
		};
		5236AABF2BE3719700A369F8 /* Preview Content */ = {
			isa = PBXGroup;
			children = (
				5236AAC02BE3719700A369F8 /* Preview Assets.xcassets */,
			);
			path = "Preview Content";
			sourceTree = "<group>";
		};
		5236AAC72BE371C900A369F8 /* Resources */ = {
			isa = PBXGroup;
			children = (
				5236AAC82BE371D800A369F8 /* Data */,
				5236AABD2BE3719700A369F8 /* Assets.xcassets */,
			);
			path = Resources;
			sourceTree = "<group>";
		};
		5236AAC82BE371D800A369F8 /* Data */ = {
			isa = PBXGroup;
			children = (
				5236AAE42BE3735100A369F8 /* AnimalSounds */,
				5236AAC92BE3720000A369F8 /* animals.json */,
			);
			path = Data;
			sourceTree = "<group>";
		};
		5236AACB2BE3723A00A369F8 /* View */ = {
			isa = PBXGroup;
			children = (
				5236AAD52BE3730800A369F8 /* Background */,
				5236AABB2BE3719600A369F8 /* ContentView.swift */,
				5236AAD62BE3732600A369F8 /* HomeView.swift */,
				5236AB0C2BE379A500A369F8 /* DetailView.swift */,
			);
			path = View;
			sourceTree = "<group>";
		};
		5236AACC2BE3724100A369F8 /* App */ = {
			isa = PBXGroup;
			children = (
				5236AAB92BE3719600A369F8 /* EduAnimalSwiftDevApp.swift */,
			);
			path = App;
			sourceTree = "<group>";
		};
		5236AACD2BE3727A00A369F8 /* Extensions */ = {
			isa = PBXGroup;
			children = (
				5236AACE2BE3729200A369F8 /* Bundle+Ext.swift */,
			);
			path = Extensions;
			sourceTree = "<group>";
		};
		5236AAD22BE372E200A369F8 /* Models */ = {
			isa = PBXGroup;
			children = (
				5236AAD02BE372D600A369F8 /* Animals.swift */,
			);
			path = Models;
			sourceTree = "<group>";
		};
		5236AAD52BE3730800A369F8 /* Background */ = {
			isa = PBXGroup;
			children = (
				5236AAD32BE372FE00A369F8 /* MotionAnimationView.swift */,
			);
			path = Background;
			sourceTree = "<group>";
		};
		5236AAE42BE3735100A369F8 /* AnimalSounds */ = {
			isa = PBXGroup;
			children = (
				5236AAD82BE3735100A369F8 /* cat.mp3 */,
				5236AAD92BE3735100A369F8 /* chicken.mp3 */,
				5236AADA2BE3735100A369F8 /* cow.mp3 */,
				5236AADB2BE3735100A369F8 /* dog.mp3 */,
				5236AADC2BE3735100A369F8 /* duck.mp3 */,
				5236AADD2BE3735100A369F8 /* eagle.mp3 */,
				5236AADE2BE3735100A369F8 /* elephant.mp3 */,
				5236AADF2BE3735100A369F8 /* goat.mp3 */,
				5236AAE02BE3735100A369F8 /* horse.mp3 */,
				5236AAE12BE3735100A369F8 /* lion.mp3 */,
				5236AAE22BE3735100A369F8 /* monkey.mp3 */,
				5236AAE32BE3735100A369F8 /* wolf.mp3 */,
			);
			path = AnimalSounds;
			sourceTree = "<group>";
		};
		5236AB0E2BE3825300A369F8 /* ViewModel */ = {
			isa = PBXGroup;
			children = (
				5236AB0F2BE3826600A369F8 /* AnimalDescVM.swift */,
				5236AB142BE3A24B00A369F8 /* AudioVM.swift */,
			);
			path = ViewModel;
			sourceTree = "<group>";
		};
/* End PBXGroup section */

/* Begin PBXNativeTarget section */
		5236AAB52BE3719600A369F8 /* EduAnimalSwiftDev */ = {
			isa = PBXNativeTarget;
			buildConfigurationList = 5236AAC42BE3719700A369F8 /* Build configuration list for PBXNativeTarget "EduAnimalSwiftDev" */;
			buildPhases = (
				5236AAB22BE3719600A369F8 /* Sources */,
				5236AAB32BE3719600A369F8 /* Frameworks */,
				5236AAB42BE3719600A369F8 /* Resources */,
			);
			buildRules = (
			);
			dependencies = (
			);
			name = EduAnimalSwiftDev;
			packageProductDependencies = (
				5236AB122BE3828000A369F8 /* GoogleGenerativeAI */,
			);
			productName = EduAnimalSwiftDev;
			productReference = 5236AAB62BE3719600A369F8 /* EduAnimalSwiftDev.app */;
			productType = "com.apple.product-type.application";
		};
/* End PBXNativeTarget section */

/* Begin PBXProject section */
		5236AAAE2BE3719600A369F8 /* Project object */ = {
			isa = PBXProject;
			attributes = {
				BuildIndependentTargetsInParallel = 1;
				LastSwiftUpdateCheck = 1530;
				LastUpgradeCheck = 1530;
				TargetAttributes = {
					5236AAB52BE3719600A369F8 = {
						CreatedOnToolsVersion = 15.3;
					};
				};
			};
			buildConfigurationList = 5236AAB12BE3719600A369F8 /* Build configuration list for PBXProject "EduAnimalSwiftDev" */;
			compatibilityVersion = "Xcode 14.0";
			developmentRegion = en;
			hasScannedForEncodings = 0;
			knownRegions = (
				en,
				Base,
			);
			mainGroup = 5236AAAD2BE3719600A369F8;
			packageReferences = (
				5236AB112BE3828000A369F8 /* XCRemoteSwiftPackageReference "generative-ai-swift" */,
			);
			productRefGroup = 5236AAB72BE3719600A369F8 /* Products */;
			projectDirPath = "";
			projectRoot = "";
			targets = (
				5236AAB52BE3719600A369F8 /* EduAnimalSwiftDev */,
			);
		};
/* End PBXProject section */

/* Begin PBXResourcesBuildPhase section */
		5236AAB42BE3719600A369F8 /* Resources */ = {
			isa = PBXResourcesBuildPhase;
			buildActionMask = 2147483647;
			files = (
				5236AAEC2BE3735100A369F8 /* goat.mp3 in Resources */,
				5236AAE72BE3735100A369F8 /* cow.mp3 in Resources */,
				5236AAEB2BE3735100A369F8 /* elephant.mp3 in Resources */,
				5236AAEE2BE3735100A369F8 /* lion.mp3 in Resources */,
				5236AACA2BE3720000A369F8 /* animals.json in Resources */,
				5236AAED2BE3735100A369F8 /* horse.mp3 in Resources */,
				5236AAE52BE3735100A369F8 /* cat.mp3 in Resources */,
				5236AAC12BE3719700A369F8 /* Preview Assets.xcassets in Resources */,
				5236AABE2BE3719700A369F8 /* Assets.xcassets in Resources */,
				5236AAEA2BE3735100A369F8 /* eagle.mp3 in Resources */,
				5236AAE92BE3735100A369F8 /* duck.mp3 in Resources */,
				5236AAF02BE3735100A369F8 /* wolf.mp3 in Resources */,
				5236AAE62BE3735100A369F8 /* chicken.mp3 in Resources */,
				5236AAE82BE3735100A369F8 /* dog.mp3 in Resources */,
				5236AAEF2BE3735100A369F8 /* monkey.mp3 in Resources */,
			);
			runOnlyForDeploymentPostprocessing = 0;
		};
/* End PBXResourcesBuildPhase section */

/* Begin PBXSourcesBuildPhase section */
		5236AAB22BE3719600A369F8 /* Sources */ = {
			isa = PBXSourcesBuildPhase;
			buildActionMask = 2147483647;
			files = (
				5236AACF2BE3729200A369F8 /* Bundle+Ext.swift in Sources */,
				5236AB102BE3826600A369F8 /* AnimalDescVM.swift in Sources */,
				5236AAD12BE372D600A369F8 /* Animals.swift in Sources */,
				5236AABC2BE3719600A369F8 /* ContentView.swift in Sources */,
				5236AB152BE3A24C00A369F8 /* AudioVM.swift in Sources */,
				5236AB0D2BE379A500A369F8 /* DetailView.swift in Sources */,
				5236AAD72BE3732600A369F8 /* HomeView.swift in Sources */,
				5236AABA2BE3719600A369F8 /* EduAnimalSwiftDevApp.swift in Sources */,
				5236AAD42BE372FE00A369F8 /* MotionAnimationView.swift in Sources */,
			);
			runOnlyForDeploymentPostprocessing = 0;
		};
/* End PBXSourcesBuildPhase section */

/* Begin XCBuildConfiguration section */
		5236AAC22BE3719700A369F8 /* Debug */ = {
			isa = XCBuildConfiguration;
			buildSettings = {
				ALWAYS_SEARCH_USER_PATHS = NO;
				ASSETCATALOG_COMPILER_GENERATE_SWIFT_ASSET_SYMBOL_EXTENSIONS = YES;
				CLANG_ANALYZER_NONNULL = YES;
				CLANG_ANALYZER_NUMBER_OBJECT_CONVERSION = YES_AGGRESSIVE;
				CLANG_CXX_LANGUAGE_STANDARD = "gnu++20";
				CLANG_ENABLE_MODULES = YES;
				CLANG_ENABLE_OBJC_ARC = YES;
				CLANG_ENABLE_OBJC_WEAK = YES;
				CLANG_WARN_BLOCK_CAPTURE_AUTORELEASING = YES;
				CLANG_WARN_BOOL_CONVERSION = YES;
				CLANG_WARN_COMMA = YES;
				CLANG_WARN_CONSTANT_CONVERSION = YES;
				CLANG_WARN_DEPRECATED_OBJC_IMPLEMENTATIONS = YES;
				CLANG_WARN_DIRECT_OBJC_ISA_USAGE = YES_ERROR;
				CLANG_WARN_DOCUMENTATION_COMMENTS = YES;
				CLANG_WARN_EMPTY_BODY = YES;
				CLANG_WARN_ENUM_CONVERSION = YES;
				CLANG_WARN_INFINITE_RECURSION = YES;
				CLANG_WARN_INT_CONVERSION = YES;
				CLANG_WARN_NON_LITERAL_NULL_CONVERSION = YES;
				CLANG_WARN_OBJC_IMPLICIT_RETAIN_SELF = YES;
				CLANG_WARN_OBJC_LITERAL_CONVERSION = YES;
				CLANG_WARN_OBJC_ROOT_CLASS = YES_ERROR;
				CLANG_WARN_QUOTED_INCLUDE_IN_FRAMEWORK_HEADER = YES;
				CLANG_WARN_RANGE_LOOP_ANALYSIS = YES;
				CLANG_WARN_STRICT_PROTOTYPES = YES;
				CLANG_WARN_SUSPICIOUS_MOVE = YES;
				CLANG_WARN_UNGUARDED_AVAILABILITY = YES_AGGRESSIVE;
				CLANG_WARN_UNREACHABLE_CODE = YES;
				CLANG_WARN__DUPLICATE_METHOD_MATCH = YES;
				COPY_PHASE_STRIP = NO;
				DEBUG_INFORMATION_FORMAT = dwarf;
				ENABLE_STRICT_OBJC_MSGSEND = YES;
				ENABLE_TESTABILITY = YES;
				ENABLE_USER_SCRIPT_SANDBOXING = YES;
				GCC_C_LANGUAGE_STANDARD = gnu17;
				GCC_DYNAMIC_NO_PIC = NO;
				GCC_NO_COMMON_BLOCKS = YES;
				GCC_OPTIMIZATION_LEVEL = 0;
				GCC_PREPROCESSOR_DEFINITIONS = (
					"DEBUG=1",
					"$(inherited)",
				);
				GCC_WARN_64_TO_32_BIT_CONVERSION = YES;
				GCC_WARN_ABOUT_RETURN_TYPE = YES_ERROR;
				GCC_WARN_UNDECLARED_SELECTOR = YES;
				GCC_WARN_UNINITIALIZED_AUTOS = YES_AGGRESSIVE;
				GCC_WARN_UNUSED_FUNCTION = YES;
				GCC_WARN_UNUSED_VARIABLE = YES;
				IPHONEOS_DEPLOYMENT_TARGET = 17.4;
				LOCALIZATION_PREFERS_STRING_CATALOGS = YES;
				MTL_ENABLE_DEBUG_INFO = INCLUDE_SOURCE;
				MTL_FAST_MATH = YES;
				ONLY_ACTIVE_ARCH = YES;
				SDKROOT = iphoneos;
				SWIFT_ACTIVE_COMPILATION_CONDITIONS = "DEBUG $(inherited)";
				SWIFT_OPTIMIZATION_LEVEL = "-Onone";
			};
			name = Debug;
		};
		5236AAC32BE3719700A369F8 /* Release */ = {
			isa = XCBuildConfiguration;
			buildSettings = {
				ALWAYS_SEARCH_USER_PATHS = NO;
				ASSETCATALOG_COMPILER_GENERATE_SWIFT_ASSET_SYMBOL_EXTENSIONS = YES;
				CLANG_ANALYZER_NONNULL = YES;
				CLANG_ANALYZER_NUMBER_OBJECT_CONVERSION = YES_AGGRESSIVE;
				CLANG_CXX_LANGUAGE_STANDARD = "gnu++20";
				CLANG_ENABLE_MODULES = YES;
				CLANG_ENABLE_OBJC_ARC = YES;
				CLANG_ENABLE_OBJC_WEAK = YES;
				CLANG_WARN_BLOCK_CAPTURE_AUTORELEASING = YES;
				CLANG_WARN_BOOL_CONVERSION = YES;
				CLANG_WARN_COMMA = YES;
				CLANG_WARN_CONSTANT_CONVERSION = YES;
				CLANG_WARN_DEPRECATED_OBJC_IMPLEMENTATIONS = YES;
				CLANG_WARN_DIRECT_OBJC_ISA_USAGE = YES_ERROR;
				CLANG_WARN_DOCUMENTATION_COMMENTS = YES;
				CLANG_WARN_EMPTY_BODY = YES;
				CLANG_WARN_ENUM_CONVERSION = YES;
				CLANG_WARN_INFINITE_RECURSION = YES;
				CLANG_WARN_INT_CONVERSION = YES;
				CLANG_WARN_NON_LITERAL_NULL_CONVERSION = YES;
				CLANG_WARN_OBJC_IMPLICIT_RETAIN_SELF = YES;
				CLANG_WARN_OBJC_LITERAL_CONVERSION = YES;
				CLANG_WARN_OBJC_ROOT_CLASS = YES_ERROR;
				CLANG_WARN_QUOTED_INCLUDE_IN_FRAMEWORK_HEADER = YES;
				CLANG_WARN_RANGE_LOOP_ANALYSIS = YES;
				CLANG_WARN_STRICT_PROTOTYPES = YES;
				CLANG_WARN_SUSPICIOUS_MOVE = YES;
				CLANG_WARN_UNGUARDED_AVAILABILITY = YES_AGGRESSIVE;
				CLANG_WARN_UNREACHABLE_CODE = YES;
				CLANG_WARN__DUPLICATE_METHOD_MATCH = YES;
				COPY_PHASE_STRIP = NO;
				DEBUG_INFORMATION_FORMAT = "dwarf-with-dsym";
				ENABLE_NS_ASSERTIONS = NO;
				ENABLE_STRICT_OBJC_MSGSEND = YES;
				ENABLE_USER_SCRIPT_SANDBOXING = YES;
				GCC_C_LANGUAGE_STANDARD = gnu17;
				GCC_NO_COMMON_BLOCKS = YES;
				GCC_WARN_64_TO_32_BIT_CONVERSION = YES;
				GCC_WARN_ABOUT_RETURN_TYPE = YES_ERROR;
				GCC_WARN_UNDECLARED_SELECTOR = YES;
				GCC_WARN_UNINITIALIZED_AUTOS = YES_AGGRESSIVE;
				GCC_WARN_UNUSED_FUNCTION = YES;
				GCC_WARN_UNUSED_VARIABLE = YES;
				IPHONEOS_DEPLOYMENT_TARGET = 17.4;
				LOCALIZATION_PREFERS_STRING_CATALOGS = YES;
				MTL_ENABLE_DEBUG_INFO = NO;
				MTL_FAST_MATH = YES;
				SDKROOT = iphoneos;
				SWIFT_COMPILATION_MODE = wholemodule;
				VALIDATE_PRODUCT = YES;
			};
			name = Release;
		};
		5236AAC52BE3719700A369F8 /* Debug */ = {
			isa = XCBuildConfiguration;
			buildSettings = {
				ASSETCATALOG_COMPILER_APPICON_NAME = AppIcon;
				ASSETCATALOG_COMPILER_GLOBAL_ACCENT_COLOR_NAME = AccentColor;
				CODE_SIGN_STYLE = Automatic;
				CURRENT_PROJECT_VERSION = 1;
				DEVELOPMENT_ASSET_PATHS = "\"EduAnimalSwiftDev/Preview Content\"";
				ENABLE_PREVIEWS = YES;
				GENERATE_INFOPLIST_FILE = YES;
				INFOPLIST_KEY_UIApplicationSceneManifest_Generation = YES;
				INFOPLIST_KEY_UIApplicationSupportsIndirectInputEvents = YES;
				INFOPLIST_KEY_UILaunchScreen_Generation = YES;
				INFOPLIST_KEY_UISupportedInterfaceOrientations_iPad = "UIInterfaceOrientationPortrait UIInterfaceOrientationPortraitUpsideDown UIInterfaceOrientationLandscapeLeft UIInterfaceOrientationLandscapeRight";
				INFOPLIST_KEY_UISupportedInterfaceOrientations_iPhone = "UIInterfaceOrientationPortrait UIInterfaceOrientationLandscapeLeft UIInterfaceOrientationLandscapeRight";
				LD_RUNPATH_SEARCH_PATHS = (
					"$(inherited)",
					"@executable_path/Frameworks",
				);
				MARKETING_VERSION = 1.0;
				PRODUCT_BUNDLE_IDENTIFIER = com.bcas.EduAnimalSwiftDev;
				PRODUCT_NAME = "$(TARGET_NAME)";
				SWIFT_EMIT_LOC_STRINGS = YES;
				SWIFT_VERSION = 5.0;
				TARGETED_DEVICE_FAMILY = "1,2";
			};
			name = Debug;
		};
		5236AAC62BE3719700A369F8 /* Release */ = {
			isa = XCBuildConfiguration;
			buildSettings = {
				ASSETCATALOG_COMPILER_APPICON_NAME = AppIcon;
				ASSETCATALOG_COMPILER_GLOBAL_ACCENT_COLOR_NAME = AccentColor;
				CODE_SIGN_STYLE = Automatic;
				CURRENT_PROJECT_VERSION = 1;
				DEVELOPMENT_ASSET_PATHS = "\"EduAnimalSwiftDev/Preview Content\"";
				ENABLE_PREVIEWS = YES;
				GENERATE_INFOPLIST_FILE = YES;
				INFOPLIST_KEY_UIApplicationSceneManifest_Generation = YES;
				INFOPLIST_KEY_UIApplicationSupportsIndirectInputEvents = YES;
				INFOPLIST_KEY_UILaunchScreen_Generation = YES;
				INFOPLIST_KEY_UISupportedInterfaceOrientations_iPad = "UIInterfaceOrientationPortrait UIInterfaceOrientationPortraitUpsideDown UIInterfaceOrientationLandscapeLeft UIInterfaceOrientationLandscapeRight";
				INFOPLIST_KEY_UISupportedInterfaceOrientations_iPhone = "UIInterfaceOrientationPortrait UIInterfaceOrientationLandscapeLeft UIInterfaceOrientationLandscapeRight";
				LD_RUNPATH_SEARCH_PATHS = (
					"$(inherited)",
					"@executable_path/Frameworks",
				);
				MARKETING_VERSION = 1.0;
				PRODUCT_BUNDLE_IDENTIFIER = com.bcas.EduAnimalSwiftDev;
				PRODUCT_NAME = "$(TARGET_NAME)";
				SWIFT_EMIT_LOC_STRINGS = YES;
				SWIFT_VERSION = 5.0;
				TARGETED_DEVICE_FAMILY = "1,2";
			};
			name = Release;
		};
/* End XCBuildConfiguration section */

/* Begin XCConfigurationList section */
		5236AAB12BE3719600A369F8 /* Build configuration list for PBXProject "EduAnimalSwiftDev" */ = {
			isa = XCConfigurationList;
			buildConfigurations = (
				5236AAC22BE3719700A369F8 /* Debug */,
				5236AAC32BE3719700A369F8 /* Release */,
			);
			defaultConfigurationIsVisible = 0;
			defaultConfigurationName = Release;
		};
		5236AAC42BE3719700A369F8 /* Build configuration list for PBXNativeTarget "EduAnimalSwiftDev" */ = {
			isa = XCConfigurationList;
			buildConfigurations = (
				5236AAC52BE3719700A369F8 /* Debug */,
				5236AAC62BE3719700A369F8 /* Release */,
			);
			defaultConfigurationIsVisible = 0;
			defaultConfigurationName = Release;
		};
/* End XCConfigurationList section */

/* Begin XCRemoteSwiftPackageReference section */
		5236AB112BE3828000A369F8 /* XCRemoteSwiftPackageReference "generative-ai-swift" */ = {
			isa = XCRemoteSwiftPackageReference;
			repositoryURL = "https://github.com/google-gemini/generative-ai-swift.git";
			requirement = {
				kind = upToNextMajorVersion;
				minimumVersion = 0.5.1;
			};
		};
/* End XCRemoteSwiftPackageReference section */

/* Begin XCSwiftPackageProductDependency section */
		5236AB122BE3828000A369F8 /* GoogleGenerativeAI */ = {
			isa = XCSwiftPackageProductDependency;
			package = 5236AB112BE3828000A369F8 /* XCRemoteSwiftPackageReference "generative-ai-swift" */;
			productName = GoogleGenerativeAI;
		};
/* End XCSwiftPackageProductDependency section */
	};
	rootObject = 5236AAAE2BE3719600A369F8 /* Project object */;
}
